// !$*UTF8*$!
{
	archiveVersion = 1;
	classes = {
	};
	objectVersion = 77;
	objects = {

/* Begin PBXBuildFile section */
		1603FC5989AC8BBF36AA6F6C /* main.mm in Sources */ = {isa = PBXBuildFile; fileRef = 58B81D792C46776E9C06E2AE /* main.mm */; };
		2A476113FC5D2150810F492F /* generated_video.mm in Sources */ = {isa = PBXBuildFile; fileRef = EAC91BBE83F0DF72699F410B /* generated_video.mm */; };
		359D04E604E9C7D185D546DB /* sink_stream.mm in Sources */ = {isa = PBXBuildFile; fileRef = 5F364805A8A831A26F3798F1 /* sink_stream.mm */; };
		37B1917626B2620EBD423A68 /* CoreMedia.framework in Frameworks */ = {isa = PBXBuildFile; fileRef = 5194BF88B2B676009952065E /* CoreMedia.framework */; };
		400E03DEBC36B3DB7E2EB095 /* main.mm in Sources */ = {isa = PBXBuildFile; fileRef = A4BBD5813A550E31C965DCAF /* main.mm */; };
		44D4C14010F05D812462FA91 /* host_auth_signer.mm in Sources */ = {isa = PBXBuildFile; fileRef = B65DBB02F939AFA2905BC82D /* host_auth_signer.mm */; };
		45719EC710A76BF3DA1F8F40 /* device.mm in Sources */ = {isa = PBXBuildFile; fileRef = 49FB6EB0C2BE046728DB940B /* device.mm */; };
		51C068E48BC2D517B14435F0 /* SystemExtensions.framework in Frameworks */ = {isa = PBXBuildFile; fileRef = 7CBF8698D2EBE82C464E5D05 /* SystemExtensions.framework */; };
		576DB1CC744D2051F1830C83 /* Security.framework in Frameworks */ = {isa = PBXBuildFile; fileRef = 6E8AB90840D9C23AFF9F5246 /* Security.framework */; };
		587DAAB1DC0D7779EA9DF9C2 /* app_delegate.mm in Sources */ = {isa = PBXBuildFile; fileRef = 576349DB23E6060DB872F396 /* app_delegate.mm */; };
		6A89551BFF6654C04ACB6C11 /* KMVirtualCameraExtension.systemextension in Embed System Extensions */ = {isa = PBXBuildFile; fileRef = 564C24781D1B77DFFC33A70C /* KMVirtualCameraExtension.systemextension */; settings = {ATTRIBUTES = (RemoveHeadersOnCopy, ); }; };
		6EEF6D817EF173F46BF69925 /* CoreMediaIO.framework in Frameworks */ = {isa = PBXBuildFile; fileRef = DC6773DB3B0D146EBFB79592 /* CoreMediaIO.framework */; };
		70CFD7836DC21804B35CF94A /* source_stream.mm in Sources */ = {isa = PBXBuildFile; fileRef = 443A9DD474550416A0DAD20E /* source_stream.mm */; };
		78B509430C4905B27341F22B /* CoreVideo.framework in Frameworks */ = {isa = PBXBuildFile; fileRef = FC131682FCA6BC0310A19882 /* CoreVideo.framework */; };
		7AB98824C25AFA3332819190 /* Security.framework in Frameworks */ = {isa = PBXBuildFile; fileRef = 6E8AB90840D9C23AFF9F5246 /* Security.framework */; };
		7C1E9A2B4D5F6081A2B3C4D2 /* qrcodegen.cpp in Sources */ = {isa = PBXBuildFile; fileRef = 7C1E9A2B4D5F6081A2B3C4D0 /* qrcodegen.cpp */; };
		898B4D5E05A35AC4DBFF3704 /* cmio_sink_publisher.mm in Sources */ = {isa = PBXBuildFile; fileRef = 6A2314A9BC60210626169EAC /* cmio_sink_publisher.mm */; };
		997076B1A10C695CEA9C778E /* Foundation.framework in Frameworks */ = {isa = PBXBuildFile; fileRef = 2A2E241C71F01A6E59CE6818 /* Foundation.framework */; };
		C5FE5EC7FF2CA73D8F58BB5E /* CoreMedia.framework in Frameworks */ = {isa = PBXBuildFile; fileRef = 5194BF88B2B676009952065E /* CoreMedia.framework */; };
		D6FCBF1E59C8C910CF857610 /* producer_auth.mm in Sources */ = {isa = PBXBuildFile; fileRef = AC2B44BFF9F4FA3E3EE891A6 /* producer_auth.mm */; };
		DB945CFE7D9E39EF7D4BFDA7 /* CoreVideo.framework in Frameworks */ = {isa = PBXBuildFile; fileRef = FC131682FCA6BC0310A19882 /* CoreVideo.framework */; };
		E1A2899AC04A7A88C36C590E /* Foundation.framework in Frameworks */ = {isa = PBXBuildFile; fileRef = 2A2E241C71F01A6E59CE6818 /* Foundation.framework */; };
		E3069CF4DDD3BBBB049B2386 /* CoreMediaIO.framework in Frameworks */ = {isa = PBXBuildFile; fileRef = DC6773DB3B0D146EBFB79592 /* CoreMediaIO.framework */; };
		F5A6E70807C3A24835081718 /* host_exec_publisher.mm in Sources */ = {isa = PBXBuildFile; fileRef = D658789FD37D406BD39B24DF /* host_exec_publisher.mm */; };
		F76FB1F422788608FF10099F /* AppKit.framework in Frameworks */ = {isa = PBXBuildFile; fileRef = 29C3DE69941AE691ABC090F2 /* AppKit.framework */; };
		FE8525DF059FE258AEC9893A /* provider.mm in Sources */ = {isa = PBXBuildFile; fileRef = D193AA594F02FF067887A703 /* provider.mm */; };
/* End PBXBuildFile section */

/* Begin PBXContainerItemProxy section */
		CA96E25EA7A98938DA88B3C0 /* PBXContainerItemProxy */ = {
			isa = PBXContainerItemProxy;
			containerPortal = 61278E3A327E3979A703135E /* Project object */;
			proxyType = 1;
			remoteGlobalIDString = DF664DB340388586A2F4CB04;
			remoteInfo = KMVirtualCameraExtension;
		};
/* End PBXContainerItemProxy section */

/* Begin PBXCopyFilesBuildPhase section */
		5C4E792AB2A9C5C2874BABE5 /* Embed System Extensions */ = {
			isa = PBXCopyFilesBuildPhase;
			buildActionMask = 2147483647;
			dstPath = "$(SYSTEM_EXTENSIONS_FOLDER_PATH)";
			dstSubfolderSpec = 16;
			files = (
				6A89551BFF6654C04ACB6C11 /* KMVirtualCameraExtension.systemextension in Embed System Extensions */,
			);
			name = "Embed System Extensions";
			runOnlyForDeploymentPostprocessing = 0;
		};
/* End PBXCopyFilesBuildPhase section */

/* Begin PBXFileReference section */
		29C3DE69941AE691ABC090F2 /* AppKit.framework */ = {isa = PBXFileReference; lastKnownFileType = wrapper.framework; name = AppKit.framework; path = System/Library/Frameworks/AppKit.framework; sourceTree = SDKROOT; };
		2A2E241C71F01A6E59CE6818 /* Foundation.framework */ = {isa = PBXFileReference; lastKnownFileType = wrapper.framework; name = Foundation.framework; path = System/Library/Frameworks/Foundation.framework; sourceTree = SDKROOT; };
		443A9DD474550416A0DAD20E /* source_stream.mm */ = {isa = PBXFileReference; lastKnownFileType = sourcecode.cpp.objcpp; path = source_stream.mm; sourceTree = "<group>"; };
		49FB6EB0C2BE046728DB940B /* device.mm */ = {isa = PBXFileReference; lastKnownFileType = sourcecode.cpp.objcpp; path = device.mm; sourceTree = "<group>"; };
		5194BF88B2B676009952065E /* CoreMedia.framework */ = {isa = PBXFileReference; lastKnownFileType = wrapper.framework; name = CoreMedia.framework; path = System/Library/Frameworks/CoreMedia.framework; sourceTree = SDKROOT; };
		564C24781D1B77DFFC33A70C /* KMVirtualCameraExtension.systemextension */ = {isa = PBXFileReference; explicitFileType = "wrapper.system-extension"; includeInIndex = 0; path = KMVirtualCameraExtension.systemextension; sourceTree = BUILT_PRODUCTS_DIR; };
		576349DB23E6060DB872F396 /* app_delegate.mm */ = {isa = PBXFileReference; lastKnownFileType = sourcecode.cpp.objcpp; path = app_delegate.mm; sourceTree = "<group>"; };
		58B81D792C46776E9C06E2AE /* main.mm */ = {isa = PBXFileReference; lastKnownFileType = sourcecode.cpp.objcpp; path = main.mm; sourceTree = "<group>"; };
		5F364805A8A831A26F3798F1 /* sink_stream.mm */ = {isa = PBXFileReference; lastKnownFileType = sourcecode.cpp.objcpp; path = sink_stream.mm; sourceTree = "<group>"; };
		6A2314A9BC60210626169EAC /* cmio_sink_publisher.mm */ = {isa = PBXFileReference; lastKnownFileType = sourcecode.cpp.objcpp; path = cmio_sink_publisher.mm; sourceTree = "<group>"; };
		6E8AB90840D9C23AFF9F5246 /* Security.framework */ = {isa = PBXFileReference; lastKnownFileType = wrapper.framework; name = Security.framework; path = System/Library/Frameworks/Security.framework; sourceTree = SDKROOT; };
		7CBF8698D2EBE82C464E5D05 /* SystemExtensions.framework */ = {isa = PBXFileReference; lastKnownFileType = wrapper.framework; name = SystemExtensions.framework; path = System/Library/Frameworks/SystemExtensions.framework; sourceTree = SDKROOT; };
		7C1E9A2B4D5F6081A2B3C4D0 /* qrcodegen.cpp */ = {isa = PBXFileReference; lastKnownFileType = sourcecode.cpp.cpp; path = qrcodegen.cpp; sourceTree = "<group>"; };
		7C1E9A2B4D5F6081A2B3C4D1 /* qrcodegen.hpp */ = {isa = PBXFileReference; lastKnownFileType = sourcecode.c.h; path = qrcodegen.hpp; sourceTree = "<group>"; };
		8007E79E37AFECEBBC86CDA5 /* KMVirtualCamera.app */ = {isa = PBXFileReference; explicitFileType = wrapper.application; includeInIndex = 0; path = KMVirtualCamera.app; sourceTree = BUILT_PRODUCTS_DIR; };
		A4BBD5813A550E31C965DCAF /* main.mm */ = {isa = PBXFileReference; lastKnownFileType = sourcecode.cpp.objcpp; path = main.mm; sourceTree = "<group>"; };
		AC2B44BFF9F4FA3E3EE891A6 /* producer_auth.mm */ = {isa = PBXFileReference; lastKnownFileType = sourcecode.cpp.objcpp; path = producer_auth.mm; sourceTree = "<group>"; };
		B65DBB02F939AFA2905BC82D /* host_auth_signer.mm */ = {isa = PBXFileReference; lastKnownFileType = sourcecode.cpp.objcpp; path = host_auth_signer.mm; sourceTree = "<group>"; };
		D193AA594F02FF067887A703 /* provider.mm */ = {isa = PBXFileReference; lastKnownFileType = sourcecode.cpp.objcpp; path = provider.mm; sourceTree = "<group>"; };
		D658789FD37D406BD39B24DF /* host_exec_publisher.mm */ = {isa = PBXFileReference; lastKnownFileType = sourcecode.cpp.objcpp; path = host_exec_publisher.mm; sourceTree = "<group>"; };
		DC6773DB3B0D146EBFB79592 /* CoreMediaIO.framework */ = {isa = PBXFileReference; lastKnownFileType = wrapper.framework; name = CoreMediaIO.framework; path = System/Library/Frameworks/CoreMediaIO.framework; sourceTree = SDKROOT; };
		EAC91BBE83F0DF72699F410B /* generated_video.mm */ = {isa = PBXFileReference; lastKnownFileType = sourcecode.cpp.objcpp; path = generated_video.mm; sourceTree = "<group>"; };
		FC131682FCA6BC0310A19882 /* CoreVideo.framework */ = {isa = PBXFileReference; lastKnownFileType = wrapper.framework; name = CoreVideo.framework; path = System/Library/Frameworks/CoreVideo.framework; sourceTree = SDKROOT; };
/* End PBXFileReference section */

/* Begin PBXFrameworksBuildPhase section */
		6CC05A4AF027882066475BA3 /* Frameworks */ = {
			isa = PBXFrameworksBuildPhase;
			buildActionMask = 2147483647;
			files = (
				E1A2899AC04A7A88C36C590E /* Foundation.framework in Frameworks */,
				6EEF6D817EF173F46BF69925 /* CoreMediaIO.framework in Frameworks */,
				37B1917626B2620EBD423A68 /* CoreMedia.framework in Frameworks */,
				78B509430C4905B27341F22B /* CoreVideo.framework in Frameworks */,
				576DB1CC744D2051F1830C83 /* Security.framework in Frameworks */,
			);
			runOnlyForDeploymentPostprocessing = 0;
		};
		7E81BA8F69EE23D900DA3B4B /* Frameworks */ = {
			isa = PBXFrameworksBuildPhase;
			buildActionMask = 2147483647;
			files = (
				F76FB1F422788608FF10099F /* AppKit.framework in Frameworks */,
				997076B1A10C695CEA9C778E /* Foundation.framework in Frameworks */,
				E3069CF4DDD3BBBB049B2386 /* CoreMediaIO.framework in Frameworks */,
				C5FE5EC7FF2CA73D8F58BB5E /* CoreMedia.framework in Frameworks */,
				DB945CFE7D9E39EF7D4BFDA7 /* CoreVideo.framework in Frameworks */,
				51C068E48BC2D517B14435F0 /* SystemExtensions.framework in Frameworks */,
				7AB98824C25AFA3332819190 /* Security.framework in Frameworks */,
			);
			runOnlyForDeploymentPostprocessing = 0;
		};
/* End PBXFrameworksBuildPhase section */

/* Begin PBXGroup section */
		1486187C94698F1249199FDB /* host */ = {
			isa = PBXGroup;
			children = (
				576349DB23E6060DB872F396 /* app_delegate.mm */,
				EAC91BBE83F0DF72699F410B /* generated_video.mm */,
				B65DBB02F939AFA2905BC82D /* host_auth_signer.mm */,
				D658789FD37D406BD39B24DF /* host_exec_publisher.mm */,
				58B81D792C46776E9C06E2AE /* main.mm */,
			);
			path = host;
			sourceTree = "<group>";
		};
		1B5FB087F88BB1A8CC30E3F0 /* receiver */ = {
			isa = PBXGroup;
			children = (
				6A2314A9BC60210626169EAC /* cmio_sink_publisher.mm */,
			);
			path = receiver;
			sourceTree = "<group>";
		};
		404E02A59F9EA36F0C4D1C54 /* camera-extension */ = {
			isa = PBXGroup;
			children = (
				49FB6EB0C2BE046728DB940B /* device.mm */,
				A4BBD5813A550E31C965DCAF /* main.mm */,
				AC2B44BFF9F4FA3E3EE891A6 /* producer_auth.mm */,
				D193AA594F02FF067887A703 /* provider.mm */,
				5F364805A8A831A26F3798F1 /* sink_stream.mm */,
				443A9DD474550416A0DAD20E /* source_stream.mm */,
			);
			path = "camera-extension";
			sourceTree = "<group>";
		};
		7A195908B032C1B8111E53CB /* Frameworks */ = {
			isa = PBXGroup;
			children = (
				29C3DE69941AE691ABC090F2 /* AppKit.framework */,
				5194BF88B2B676009952065E /* CoreMedia.framework */,
				DC6773DB3B0D146EBFB79592 /* CoreMediaIO.framework */,
				FC131682FCA6BC0310A19882 /* CoreVideo.framework */,
				2A2E241C71F01A6E59CE6818 /* Foundation.framework */,
				6E8AB90840D9C23AFF9F5246 /* Security.framework */,
				7CBF8698D2EBE82C464E5D05 /* SystemExtensions.framework */,
			);
			name = Frameworks;
			sourceTree = "<group>";
		};
		7C1E9A2B4D5F6081A2B3C4D3 /* qr */ = {
			isa = PBXGroup;
			children = (
				7C1E9A2B4D5F6081A2B3C4D0 /* qrcodegen.cpp */,
				7C1E9A2B4D5F6081A2B3C4D1 /* qrcodegen.hpp */,
			);
			name = qr;
			path = "../windows/third_party/qr";
			sourceTree = "<group>";
		};
		BA619BF546ED614AD422AB7F = {
			isa = PBXGroup;
			children = (
				404E02A59F9EA36F0C4D1C54 /* camera-extension */,
				1486187C94698F1249199FDB /* host */,
				1B5FB087F88BB1A8CC30E3F0 /* receiver */,
				7C1E9A2B4D5F6081A2B3C4D3 /* qr */,
				7A195908B032C1B8111E53CB /* Frameworks */,
				DD11A02EBFFA263D713E96B7 /* Products */,
			);
			sourceTree = "<group>";
		};
		DD11A02EBFFA263D713E96B7 /* Products */ = {
			isa = PBXGroup;
			children = (
				8007E79E37AFECEBBC86CDA5 /* KMVirtualCamera.app */,
				564C24781D1B77DFFC33A70C /* KMVirtualCameraExtension.systemextension */,
			);
			name = Products;
			sourceTree = "<group>";
		};
/* End PBXGroup section */

/* Begin PBXNativeTarget section */
		4DA134819BEACEF805599DFB /* KMVirtualCamera */ = {
			isa = PBXNativeTarget;
			buildConfigurationList = 65F4994ACA244CA1027A1ADB /* Build configuration list for PBXNativeTarget "KMVirtualCamera" */;
			buildPhases = (
				9BD2AC63D54D964BF3A82629 /* Build km_macos static libraries */,
				BD919220442A3FBC2722F0EB /* Sources */,
				7E81BA8F69EE23D900DA3B4B /* Frameworks */,
				5C4E792AB2A9C5C2874BABE5 /* Embed System Extensions */,
			);
			buildRules = (
			);
			dependencies = (
				36740BB952DED3FF3480990A /* PBXTargetDependency */,
			);
			name = KMVirtualCamera;
			packageProductDependencies = (
			);
			productName = KMVirtualCamera;
			productReference = 8007E79E37AFECEBBC86CDA5 /* KMVirtualCamera.app */;
			productType = "com.apple.product-type.application";
		};
		DF664DB340388586A2F4CB04 /* KMVirtualCameraExtension */ = {
			isa = PBXNativeTarget;
			buildConfigurationList = 1A258D952ECD6B30D0CF45AB /* Build configuration list for PBXNativeTarget "KMVirtualCameraExtension" */;
			buildPhases = (
				DE8BD71F8290C638678632A7 /* Build km_macos static libraries */,
				23949E190E52DAD7807AA167 /* Sources */,
				6CC05A4AF027882066475BA3 /* Frameworks */,
			);
			buildRules = (
			);
			dependencies = (
			);
			name = KMVirtualCameraExtension;
			packageProductDependencies = (
			);
			productName = KMVirtualCameraExtension;
			productReference = 564C24781D1B77DFFC33A70C /* KMVirtualCameraExtension.systemextension */;
			productType = "com.apple.product-type.system-extension";
		};
/* End PBXNativeTarget section */

/* Begin PBXProject section */
		61278E3A327E3979A703135E /* Project object */ = {
			isa = PBXProject;
			attributes = {
				BuildIndependentTargetsInParallel = YES;
				LastUpgradeCheck = 1430;
				TargetAttributes = {
					4DA134819BEACEF805599DFB = {
						DevelopmentTeam = K7VNGA9K78;
						ProvisioningStyle = Automatic;
					};
					DF664DB340388586A2F4CB04 = {
						DevelopmentTeam = K7VNGA9K78;
						ProvisioningStyle = Automatic;
					};
				};
			};
			buildConfigurationList = 0D1D8D0641EEFF77925CCC5C /* Build configuration list for PBXProject "KMVirtualCamera" */;
			developmentRegion = en;
			hasScannedForEncodings = 0;
			knownRegions = (
				Base,
				en,
			);
			mainGroup = BA619BF546ED614AD422AB7F;
			minimizedProjectReferenceProxies = 1;
			preferredProjectObjectVersion = 77;
			productRefGroup = DD11A02EBFFA263D713E96B7 /* Products */;
			projectDirPath = "";
			projectRoot = "";
			targets = (
				4DA134819BEACEF805599DFB /* KMVirtualCamera */,
				DF664DB340388586A2F4CB04 /* KMVirtualCameraExtension */,
			);
		};
/* End PBXProject section */

/* Begin PBXShellScriptBuildPhase section */
		9BD2AC63D54D964BF3A82629 /* Build km_macos static libraries */ = {
			isa = PBXShellScriptBuildPhase;
			alwaysOutOfDate = 1;
			buildActionMask = 2147483647;
			files = (
			);
			inputFileListPaths = (
			);
			inputPaths = (
			);
			name = "Build km_macos static libraries";
			outputFileListPaths = (
			);
			outputPaths = (
			);
			runOnlyForDeploymentPostprocessing = 0;
			shellPath = /bin/sh;
			shellScript = "\"${SRCROOT}/../scripts/build_macos_xcode_deps.sh\"";
		};
		DE8BD71F8290C638678632A7 /* Build km_macos static libraries */ = {
			isa = PBXShellScriptBuildPhase;
			alwaysOutOfDate = 1;
			buildActionMask = 2147483647;
			files = (
			);
			inputFileListPaths = (
			);
			inputPaths = (
			);
			name = "Build km_macos static libraries";
			outputFileListPaths = (
			);
			outputPaths = (
			);
			runOnlyForDeploymentPostprocessing = 0;
			shellPath = /bin/sh;
			shellScript = "\"${SRCROOT}/../scripts/build_macos_xcode_deps.sh\"";
		};
/* End PBXShellScriptBuildPhase section */

/* Begin PBXSourcesBuildPhase section */
		23949E190E52DAD7807AA167 /* Sources */ = {
			isa = PBXSourcesBuildPhase;
			buildActionMask = 2147483647;
			files = (
				45719EC710A76BF3DA1F8F40 /* device.mm in Sources */,
				400E03DEBC36B3DB7E2EB095 /* main.mm in Sources */,
				D6FCBF1E59C8C910CF857610 /* producer_auth.mm in Sources */,
				FE8525DF059FE258AEC9893A /* provider.mm in Sources */,
				359D04E604E9C7D185D546DB /* sink_stream.mm in Sources */,
				70CFD7836DC21804B35CF94A /* source_stream.mm in Sources */,
			);
			runOnlyForDeploymentPostprocessing = 0;
		};
		BD919220442A3FBC2722F0EB /* Sources */ = {
			isa = PBXSourcesBuildPhase;
			buildActionMask = 2147483647;
			files = (
				587DAAB1DC0D7779EA9DF9C2 /* app_delegate.mm in Sources */,
				898B4D5E05A35AC4DBFF3704 /* cmio_sink_publisher.mm in Sources */,
				2A476113FC5D2150810F492F /* generated_video.mm in Sources */,
				44D4C14010F05D812462FA91 /* host_auth_signer.mm in Sources */,
				F5A6E70807C3A24835081718 /* host_exec_publisher.mm in Sources */,
				1603FC5989AC8BBF36AA6F6C /* main.mm in Sources */,
				7C1E9A2B4D5F6081A2B3C4D2 /* qrcodegen.cpp in Sources */,
			);
			runOnlyForDeploymentPostprocessing = 0;
		};
/* End PBXSourcesBuildPhase section */

/* Begin PBXTargetDependency section */
		36740BB952DED3FF3480990A /* PBXTargetDependency */ = {
			isa = PBXTargetDependency;
			target = DF664DB340388586A2F4CB04 /* KMVirtualCameraExtension */;
			targetProxy = CA96E25EA7A98938DA88B3C0 /* PBXContainerItemProxy */;
		};
/* End PBXTargetDependency section */

/* Begin XCBuildConfiguration section */
		1A11572D5B1EC7F0E38D91B4 /* Debug */ = {
			isa = XCBuildConfiguration;
			buildSettings = {
				CODE_SIGN_ENTITLEMENTS = config/CameraExtension.entitlements;
				COMBINE_HIDPI_IMAGES = YES;
				EXECUTABLE_NAME = KMVirtualCameraExtension;
				GENERATE_INFOPLIST_FILE = NO;
				HEADER_SEARCH_PATHS = "$(inherited) $(SRCROOT)/../shared";
				INFOPLIST_FILE = "camera-extension/Info.plist";
				LD_RUNPATH_SEARCH_PATHS = (
					"$(inherited)",
					"@executable_path/../Frameworks",
				);
				LIBRARY_SEARCH_PATHS = "$(inherited) $(SRCROOT)/../build/macos-foundation/macos";
				OTHER_LDFLAGS = "$(inherited) -lkm_camera_relay -lkm_macos_buffers";
				PRODUCT_BUNDLE_IDENTIFIER = "com.mat2uken.kmvirtualcamera.camera-extension";
				PRODUCT_NAME = "com.mat2uken.kmvirtualcamera.camera-extension";
				SDKROOT = macosx;
			};
			name = Debug;
		};
		2239FC2CB2CC0BF8010BEFD3 /* Debug */ = {
			isa = XCBuildConfiguration;
			buildSettings = {
				ALWAYS_SEARCH_USER_PATHS = NO;
				CLANG_ANALYZER_NONNULL = YES;
				CLANG_ANALYZER_NUMBER_OBJECT_CONVERSION = YES_AGGRESSIVE;
				CLANG_CXX_LANGUAGE_STANDARD = "c++20";
				CLANG_CXX_LIBRARY = "libc++";
				CLANG_ENABLE_MODULES = YES;
				CLANG_ENABLE_OBJC_ARC = YES;
				CLANG_ENABLE_OBJC_WEAK = YES;
				CLANG_WARN_BLOCK_CAPTURE_AUTORELEASING = YES;
				CLANG_WARN_BOOL_CONVERSION = YES;
				CLANG_WARN_COMMA = YES;
				CLANG_WARN_CONSTANT_CONVERSION = YES;
				CLANG_WARN_DEPRECATED_OBJC_IMPLEMENTATIONS = YES;
				CLANG_WARN_DIRECT_OBJC_ISA_USAGE = YES_ERROR;
				CLANG_WARN_DOCUMENTATION_COMMENTS = YES;
				CLANG_WARN_EMPTY_BODY = YES;
				CLANG_WARN_ENUM_CONVERSION = YES;
				CLANG_WARN_INFINITE_RECURSION = YES;
				CLANG_WARN_INT_CONVERSION = YES;
				CLANG_WARN_NON_LITERAL_NULL_CONVERSION = YES;
				CLANG_WARN_OBJC_IMPLICIT_RETAIN_SELF = YES;
				CLANG_WARN_OBJC_LITERAL_CONVERSION = YES;
				CLANG_WARN_OBJC_ROOT_CLASS = YES_ERROR;
				CLANG_WARN_QUOTED_INCLUDE_IN_FRAMEWORK_HEADER = YES;
				CLANG_WARN_RANGE_LOOP_ANALYSIS = YES;
				CLANG_WARN_STRICT_PROTOTYPES = YES;
				CLANG_WARN_SUSPICIOUS_MOVE = YES;
				CLANG_WARN_UNGUARDED_AVAILABILITY = YES_AGGRESSIVE;
				CLANG_WARN_UNREACHABLE_CODE = YES;
				CLANG_WARN__DUPLICATE_METHOD_MATCH = YES;
				CODE_SIGN_STYLE = Automatic;
				COPY_PHASE_STRIP = NO;
				DEBUG_INFORMATION_FORMAT = dwarf;
				DEVELOPMENT_TEAM = K7VNGA9K78;
				ENABLE_HARDENED_RUNTIME = YES;
				ENABLE_STRICT_OBJC_MSGSEND = YES;
				ENABLE_TESTABILITY = YES;
				ENABLE_USER_SCRIPT_SANDBOXING = NO;
				GCC_C_LANGUAGE_STANDARD = gnu11;
				GCC_DYNAMIC_NO_PIC = NO;
				GCC_NO_COMMON_BLOCKS = YES;
				GCC_OPTIMIZATION_LEVEL = 0;
				GCC_PREPROCESSOR_DEFINITIONS = (
					"$(inherited)",
					"DEBUG=1",
				);
				GCC_WARN_64_TO_32_BIT_CONVERSION = YES;
				GCC_WARN_ABOUT_RETURN_TYPE = YES_ERROR;
				GCC_WARN_UNDECLARED_SELECTOR = YES;
				GCC_WARN_UNINITIALIZED_AUTOS = YES_AGGRESSIVE;
				GCC_WARN_UNUSED_FUNCTION = YES;
				GCC_WARN_UNUSED_VARIABLE = YES;
				MACOSX_DEPLOYMENT_TARGET = 12.3;
				MTL_ENABLE_DEBUG_INFO = INCLUDE_SOURCE;
				MTL_FAST_MATH = YES;
				ONLY_ACTIVE_ARCH = YES;
				PRODUCT_NAME = "$(TARGET_NAME)";
				SDKROOT = macosx;
				SWIFT_ACTIVE_COMPILATION_CONDITIONS = DEBUG;
				SWIFT_OPTIMIZATION_LEVEL = "-Onone";
				SWIFT_VERSION = 5.0;
			};
			name = Debug;
		};
		2861B93131953AE9C868A90F /* Debug */ = {
			isa = XCBuildConfiguration;
			buildSettings = {
				ASSETCATALOG_COMPILER_APPICON_NAME = AppIcon;
				CODE_SIGN_ENTITLEMENTS = config/Host.entitlements;
				COMBINE_HIDPI_IMAGES = YES;
				GENERATE_INFOPLIST_FILE = NO;
				HEADER_SEARCH_PATHS = "$(inherited) $(SRCROOT)/../shared";
				INFOPLIST_FILE = host/Info.plist;
				LD_RUNPATH_SEARCH_PATHS = (
					"$(inherited)",
					"@executable_path/../Frameworks",
				);
				OTHER_CFLAGS = "$(inherited) -isystem $(SRCROOT)/../build/macos-rtc/_deps/libdatachannel-src/include -isystem $(SRCROOT)/../build/macos-rtc/_deps/libdatachannel-src/deps/plog/include";
				LIBRARY_SEARCH_PATHS = "$(inherited) $(SRCROOT)/../build/macos-rtc/macos $(SRCROOT)/../build/macos-rtc $(SRCROOT)/../build/macos-rtc/_deps/libdatachannel-build $(SRCROOT)/../build/macos-rtc/_deps/libdatachannel-build/deps/libjuice $(SRCROOT)/../build/macos-rtc/_deps/libdatachannel-build/deps/libsrtp $(SRCROOT)/../build/macos-rtc/_deps/libdatachannel-build/deps/usrsctp/usrsctplib $(SRCROOT)/../build/macos-rtc/_deps/mbedtls-build/library $(SRCROOT)/../build/macos-rtc/_deps/mbedtls-build/3rdparty/everest $(SRCROOT)/../build/macos-rtc/_deps/mbedtls-build/3rdparty/p256-m";
				OTHER_LDFLAGS = "$(inherited) -lkm_extension_manager -lkm_macos_buffers -lkm_macos_signaling -lkm_signaling_worker -lkm_macos_pipeline -lkm_macos_decoder -lkm_rtc_shared -lkm_audio -lkm_media_core -ldatachannel-static -lusrsctp -lsrtp2 -lmbedtls -lmbedcrypto -lmbedx509 -ljuice-static -leverest -lp256m -framework VideoToolbox";
				PRODUCT_BUNDLE_IDENTIFIER = com.mat2uken.kmvirtualcamera;
				SDKROOT = macosx;
			};
			name = Debug;
		};
		52C68E33CE1ABFF6BE998D9B /* Release */ = {
			isa = XCBuildConfiguration;
			buildSettings = {
				ALWAYS_SEARCH_USER_PATHS = NO;
				CLANG_ANALYZER_NONNULL = YES;
				CLANG_ANALYZER_NUMBER_OBJECT_CONVERSION = YES_AGGRESSIVE;
				CLANG_CXX_LANGUAGE_STANDARD = "c++20";
				CLANG_CXX_LIBRARY = "libc++";
				CLANG_ENABLE_MODULES = YES;
				CLANG_ENABLE_OBJC_ARC = YES;
				CLANG_ENABLE_OBJC_WEAK = YES;
				CLANG_WARN_BLOCK_CAPTURE_AUTORELEASING = YES;
				CLANG_WARN_BOOL_CONVERSION = YES;
				CLANG_WARN_COMMA = YES;
				CLANG_WARN_CONSTANT_CONVERSION = YES;
				CLANG_WARN_DEPRECATED_OBJC_IMPLEMENTATIONS = YES;
				CLANG_WARN_DIRECT_OBJC_ISA_USAGE = YES_ERROR;
				CLANG_WARN_DOCUMENTATION_COMMENTS = YES;
				CLANG_WARN_EMPTY_BODY = YES;
				CLANG_WARN_ENUM_CONVERSION = YES;
				CLANG_WARN_INFINITE_RECURSION = YES;
				CLANG_WARN_INT_CONVERSION = YES;
				CLANG_WARN_NON_LITERAL_NULL_CONVERSION = YES;
				CLANG_WARN_OBJC_IMPLICIT_RETAIN_SELF = YES;
				CLANG_WARN_OBJC_LITERAL_CONVERSION = YES;
				CLANG_WARN_OBJC_ROOT_CLASS = YES_ERROR;
				CLANG_WARN_QUOTED_INCLUDE_IN_FRAMEWORK_HEADER = YES;
				CLANG_WARN_RANGE_LOOP_ANALYSIS = YES;
				CLANG_WARN_STRICT_PROTOTYPES = YES;
				CLANG_WARN_SUSPICIOUS_MOVE = YES;
				CLANG_WARN_UNGUARDED_AVAILABILITY = YES_AGGRESSIVE;
				CLANG_WARN_UNREACHABLE_CODE = YES;
				CLANG_WARN__DUPLICATE_METHOD_MATCH = YES;
				CODE_SIGN_STYLE = Automatic;
				COPY_PHASE_STRIP = NO;
				DEBUG_INFORMATION_FORMAT = "dwarf-with-dsym";
				DEVELOPMENT_TEAM = K7VNGA9K78;
				ENABLE_HARDENED_RUNTIME = YES;
				ENABLE_NS_ASSERTIONS = NO;
				ENABLE_STRICT_OBJC_MSGSEND = YES;
				ENABLE_USER_SCRIPT_SANDBOXING = NO;
				GCC_C_LANGUAGE_STANDARD = gnu11;
				GCC_NO_COMMON_BLOCKS = YES;
				GCC_WARN_64_TO_32_BIT_CONVERSION = YES;
				GCC_WARN_ABOUT_RETURN_TYPE = YES_ERROR;
				GCC_WARN_UNDECLARED_SELECTOR = YES;
				GCC_WARN_UNINITIALIZED_AUTOS = YES_AGGRESSIVE;
				GCC_WARN_UNUSED_FUNCTION = YES;
				GCC_WARN_UNUSED_VARIABLE = YES;
				MACOSX_DEPLOYMENT_TARGET = 12.3;
				MTL_ENABLE_DEBUG_INFO = NO;
				MTL_FAST_MATH = YES;
				PRODUCT_NAME = "$(TARGET_NAME)";
				SDKROOT = macosx;
				SWIFT_COMPILATION_MODE = wholemodule;
				SWIFT_OPTIMIZATION_LEVEL = "-O";
				SWIFT_VERSION = 5.0;
			};
			name = Release;
		};
		9F51F2099BAC9300C8A72518 /* Release */ = {
			isa = XCBuildConfiguration;
			buildSettings = {
				ASSETCATALOG_COMPILER_APPICON_NAME = AppIcon;
				CODE_SIGN_ENTITLEMENTS = config/Host.entitlements;
				COMBINE_HIDPI_IMAGES = YES;
				GENERATE_INFOPLIST_FILE = NO;
				HEADER_SEARCH_PATHS = "$(inherited) $(SRCROOT)/../shared";
				INFOPLIST_FILE = host/Info.plist;
				LD_RUNPATH_SEARCH_PATHS = (
					"$(inherited)",
					"@executable_path/../Frameworks",
				);
				OTHER_CFLAGS = "$(inherited) -isystem $(SRCROOT)/../build/macos-rtc/_deps/libdatachannel-src/include -isystem $(SRCROOT)/../build/macos-rtc/_deps/libdatachannel-src/deps/plog/include";
				LIBRARY_SEARCH_PATHS = "$(inherited) $(SRCROOT)/../build/macos-rtc/macos $(SRCROOT)/../build/macos-rtc $(SRCROOT)/../build/macos-rtc/_deps/libdatachannel-build $(SRCROOT)/../build/macos-rtc/_deps/libdatachannel-build/deps/libjuice $(SRCROOT)/../build/macos-rtc/_deps/libdatachannel-build/deps/libsrtp $(SRCROOT)/../build/macos-rtc/_deps/libdatachannel-build/deps/usrsctp/usrsctplib $(SRCROOT)/../build/macos-rtc/_deps/mbedtls-build/library $(SRCROOT)/../build/macos-rtc/_deps/mbedtls-build/3rdparty/everest $(SRCROOT)/../build/macos-rtc/_deps/mbedtls-build/3rdparty/p256-m";
				OTHER_LDFLAGS = "$(inherited) -lkm_extension_manager -lkm_macos_buffers -lkm_macos_signaling -lkm_signaling_worker -lkm_macos_pipeline -lkm_macos_decoder -lkm_rtc_shared -lkm_audio -lkm_media_core -ldatachannel-static -lusrsctp -lsrtp2 -lmbedtls -lmbedcrypto -lmbedx509 -ljuice-static -leverest -lp256m -framework VideoToolbox";
				PRODUCT_BUNDLE_IDENTIFIER = com.mat2uken.kmvirtualcamera;
				SDKROOT = macosx;
			};
			name = Release;
		};
		DBE95E39AAECB9348BA8110D /* Release */ = {
			isa = XCBuildConfiguration;
			buildSettings = {
				CODE_SIGN_ENTITLEMENTS = config/CameraExtension.entitlements;
				COMBINE_HIDPI_IMAGES = YES;
				EXECUTABLE_NAME = KMVirtualCameraExtension;
				GENERATE_INFOPLIST_FILE = NO;
				HEADER_SEARCH_PATHS = "$(inherited) $(SRCROOT)/../shared";
				INFOPLIST_FILE = "camera-extension/Info.plist";
				LD_RUNPATH_SEARCH_PATHS = (
					"$(inherited)",
					"@executable_path/../Frameworks",
				);
				LIBRARY_SEARCH_PATHS = "$(inherited) $(SRCROOT)/../build/macos-foundation/macos";
				OTHER_LDFLAGS = "$(inherited) -lkm_camera_relay -lkm_macos_buffers";
				PRODUCT_BUNDLE_IDENTIFIER = "com.mat2uken.kmvirtualcamera.camera-extension";
				PRODUCT_NAME = "com.mat2uken.kmvirtualcamera.camera-extension";
				SDKROOT = macosx;
			};
			name = Release;
		};
/* End XCBuildConfiguration section */

/* Begin XCConfigurationList section */
		0D1D8D0641EEFF77925CCC5C /* Build configuration list for PBXProject "KMVirtualCamera" */ = {
			isa = XCConfigurationList;
			buildConfigurations = (
				2239FC2CB2CC0BF8010BEFD3 /* Debug */,
				52C68E33CE1ABFF6BE998D9B /* Release */,
			);
			defaultConfigurationIsVisible = 0;
			defaultConfigurationName = Debug;
		};
		1A258D952ECD6B30D0CF45AB /* Build configuration list for PBXNativeTarget "KMVirtualCameraExtension" */ = {
			isa = XCConfigurationList;
			buildConfigurations = (
				1A11572D5B1EC7F0E38D91B4 /* Debug */,
				DBE95E39AAECB9348BA8110D /* Release */,
			);
			defaultConfigurationIsVisible = 0;
			defaultConfigurationName = Debug;
		};
		65F4994ACA244CA1027A1ADB /* Build configuration list for PBXNativeTarget "KMVirtualCamera" */ = {
			isa = XCConfigurationList;
			buildConfigurations = (
				2861B93131953AE9C868A90F /* Debug */,
				9F51F2099BAC9300C8A72518 /* Release */,
			);
			defaultConfigurationIsVisible = 0;
			defaultConfigurationName = Debug;
		};
/* End XCConfigurationList section */
	};
	rootObject = 61278E3A327E3979A703135E /* Project object */;
}
